
Microsoft Visual Studio Solution File, Format Version 12.00
# Visual Studio Version 17
VisualStudioVersion = 17.7.34024.191
MinimumVisualStudioVersion = 10.0.40219.1
Project("{FAE04EC0-301F-11D3-BF4B-00C04F79EFBC}") = "TodoListApi", "TodoListApi\TodoListApi.csproj", "{E5047534-C592-43C5-BBF4-AC0D04351696}"
EndProject
Project("{2150E333-8FDC-42A3-9474-1A3956D46DE8}") = "Tests", "Tests", "{05883D21-32B5-426C-AE1E-214A8708075B}"
EndProject
Project("{2150E333-8FDC-42A3-9474-1A3956D46DE8}") = "Domain", "Domain", "{56317E26-1F51-4A1F-9233-ADF2C6038519}"
EndProject
Project("{FAE04EC0-301F-11D3-BF4B-00C04F79EFBC}") = "TodoListApi.Domain", "TodoListApi.Domain\TodoListApi.Domain.csproj", "{61A4AA81-02CA-4CDB-BD09-6EFF3D7E43BB}"
EndProject
Global
	GlobalSection(SolutionConfigurationPlatforms) = preSolution
		Debug|Any CPU = Debug|Any CPU
		Release|Any CPU = Release|Any CPU
	EndGlobalSection
	GlobalSection(ProjectConfigurationPlatforms) = postSolution
		{E5047534-C592-43C5-BBF4-AC0D04351696}.Debug|Any CPU.ActiveCfg = Debug|Any CPU
		{E5047534-C592-43C5-BBF4-AC0D04351696}.Debug|Any CPU.Build.0 = Debug|Any CPU
		{E5047534-C592-43C5-BBF4-AC0D04351696}.Release|Any CPU.ActiveCfg = Release|Any CPU
		{E5047534-C592-43C5-BBF4-AC0D04351696}.Release|Any CPU.Build.0 = Release|Any CPU
		{61A4AA81-02CA-4CDB-BD09-6EFF3D7E43BB}.Debug|Any CPU.ActiveCfg = Debug|Any CPU
		{61A4AA81-02CA-4CDB-BD09-6EFF3D7E43BB}.Debug|Any CPU.Build.0 = Debug|Any CPU
		{61A4AA81-02CA-4CDB-BD09-6EFF3D7E43BB}.Release|Any CPU.ActiveCfg = Release|Any CPU
		{61A4AA81-02CA-4CDB-BD09-6EFF3D7E43BB}.Release|Any CPU.Build.0 = Release|Any CPU
	EndGlobalSection
	GlobalSection(SolutionProperties) = preSolution
		HideSolutionNode = FALSE
	EndGlobalSection
	GlobalSection(NestedProjects) = preSolution
		{E5047534-C592-43C5-BBF4-AC0D04351696} = {05883D21-32B5-426C-AE1E-214A8708075B}
		{61A4AA81-02CA-4CDB-BD09-6EFF3D7E43BB} = {56317E26-1F51-4A1F-9233-ADF2C6038519}
	EndGlobalSection
	GlobalSection(ExtensibilityGlobals) = postSolution
		SolutionGuid = {CAE50774-4130-447F-85FE-5DB8C13D610D}
	EndGlobalSection
EndGlobal
